// !$*UTF8*$!
{
	archiveVersion = 1;
	classes = {
	};
	objectVersion = 50;
	objects = {

/* Begin PBXBuildFile section */
		0422112A2B38CB89001CED09 /* AppDelegate.swift in Sources */ = {isa = PBXBuildFile; fileRef = 042211292B38CB89001CED09 /* AppDelegate.swift */; };
		0422112C2B38CB89001CED09 /* SceneDelegate.swift in Sources */ = {isa = PBXBuildFile; fileRef = 0422112B2B38CB89001CED09 /* SceneDelegate.swift */; };
		0422112E2B38CB89001CED09 /* ViewController.swift in Sources */ = {isa = PBXBuildFile; fileRef = 0422112D2B38CB89001CED09 /* ViewController.swift */; };
		042211312B38CB89001CED09 /* Main.storyboard in Resources */ = {isa = PBXBuildFile; fileRef = 0422112F2B38CB89001CED09 /* Main.storyboard */; };
		042211332B38CB8A001CED09 /* Assets.xcassets in Resources */ = {isa = PBXBuildFile; fileRef = 042211322B38CB8A001CED09 /* Assets.xcassets */; };
		042211362B38CB8A001CED09 /* LaunchScreen.storyboard in Resources */ = {isa = PBXBuildFile; fileRef = 042211342B38CB8A001CED09 /* LaunchScreen.storyboard */; };
		0422113E2B38D02E001CED09 /* Custom TextField.swift in Sources */ = {isa = PBXBuildFile; fileRef = 0422113D2B38D02E001CED09 /* Custom TextField.swift */; };
		042211402B38D4FC001CED09 /* SignUpButton.swift in Sources */ = {isa = PBXBuildFile; fileRef = 0422113F2B38D4FC001CED09 /* SignUpButton.swift */; };
/* End PBXBuildFile section */

/* Begin PBXFileReference section */
		042211262B38CB89001CED09 /* Rhoda Ledger.app */ = {isa = PBXFileReference; explicitFileType = wrapper.application; includeInIndex = 0; path = "Rhoda Ledger.app"; sourceTree = BUILT_PRODUCTS_DIR; };
		042211292B38CB89001CED09 /* AppDelegate.swift */ = {isa = PBXFileReference; lastKnownFileType = sourcecode.swift; path = AppDelegate.swift; sourceTree = "<group>"; };
		0422112B2B38CB89001CED09 /* SceneDelegate.swift */ = {isa = PBXFileReference; lastKnownFileType = sourcecode.swift; path = SceneDelegate.swift; sourceTree = "<group>"; };
		0422112D2B38CB89001CED09 /* ViewController.swift */ = {isa = PBXFileReference; lastKnownFileType = sourcecode.swift; path = ViewController.swift; sourceTree = "<group>"; };
		042211302B38CB89001CED09 /* Base */ = {isa = PBXFileReference; lastKnownFileType = file.storyboard; name = Base; path = Base.lproj/Main.storyboard; sourceTree = "<group>"; };
		042211322B38CB8A001CED09 /* Assets.xcassets */ = {isa = PBXFileReference; lastKnownFileType = folder.assetcatalog; path = Assets.xcassets; sourceTree = "<group>"; };
		042211352B38CB8A001CED09 /* Base */ = {isa = PBXFileReference; lastKnownFileType = file.storyboard; name = Base; path = Base.lproj/LaunchScreen.storyboard; sourceTree = "<group>"; };
		042211372B38CB8A001CED09 /* Info.plist */ = {isa = PBXFileReference; lastKnownFileType = text.plist.xml; path = Info.plist; sourceTree = "<group>"; };
		0422113D2B38D02E001CED09 /* Custom TextField.swift */ = {isa = PBXFileReference; lastKnownFileType = sourcecode.swift; path = "Custom TextField.swift"; sourceTree = "<group>"; };
		0422113F2B38D4FC001CED09 /* SignUpButton.swift */ = {isa = PBXFileReference; lastKnownFileType = sourcecode.swift; path = SignUpButton.swift; sourceTree = "<group>"; };
/* End PBXFileReference section */

/* Begin PBXFrameworksBuildPhase section */
		042211232B38CB89001CED09 /* Frameworks */ = {
			isa = PBXFrameworksBuildPhase;
			buildActionMask = 2147483647;
			files = (
			);
			runOnlyForDeploymentPostprocessing = 0;
		};
/* End PBXFrameworksBuildPhase section */

/* Begin PBXGroup section */
		0422111D2B38CB89001CED09 = {
			isa = PBXGroup;
			children = (
				042211282B38CB89001CED09 /* Rhoda Ledger */,
				042211272B38CB89001CED09 /* Products */,
			);
			sourceTree = "<group>";
		};
		042211272B38CB89001CED09 /* Products */ = {
			isa = PBXGroup;
			children = (
				042211262B38CB89001CED09 /* Rhoda Ledger.app */,
			);
			name = Products;
			sourceTree = "<group>";
		};
		042211282B38CB89001CED09 /* Rhoda Ledger */ = {
			isa = PBXGroup;
			children = (
				042211292B38CB89001CED09 /* AppDelegate.swift */,
				0422112B2B38CB89001CED09 /* SceneDelegate.swift */,
				0422112D2B38CB89001CED09 /* ViewController.swift */,
				0422112F2B38CB89001CED09 /* Main.storyboard */,
				0422113D2B38D02E001CED09 /* Custom TextField.swift */,
				0422113F2B38D4FC001CED09 /* SignUpButton.swift */,
				042211322B38CB8A001CED09 /* Assets.xcassets */,
				042211342B38CB8A001CED09 /* LaunchScreen.storyboard */,
				042211372B38CB8A001CED09 /* Info.plist */,
			);
			path = "Rhoda Ledger";
			sourceTree = "<group>";
		};
/* End PBXGroup section */

/* Begin PBXNativeTarget section */
		042211252B38CB89001CED09 /* Rhoda Ledger */ = {
			isa = PBXNativeTarget;
			buildConfigurationList = 0422113A2B38CB8A001CED09 /* Build configuration list for PBXNativeTarget "Rhoda Ledger" */;
			buildPhases = (
				042211222B38CB89001CED09 /* Sources */,
				042211232B38CB89001CED09 /* Frameworks */,
				042211242B38CB89001CED09 /* Resources */,
			);
			buildRules = (
			);
			dependencies = (
			);
			name = "Rhoda Ledger";
			productName = "Rhoda Ledger";
			productReference = 042211262B38CB89001CED09 /* Rhoda Ledger.app */;
			productType = "com.apple.product-type.application";
		};
/* End PBXNativeTarget section */

/* Begin PBXProject section */
		0422111E2B38CB89001CED09 /* Project object */ = {
			isa = PBXProject;
			attributes = {
				LastSwiftUpdateCheck = 1130;
				LastUpgradeCheck = 1130;
				ORGANIZATIONNAME = Mac;
				TargetAttributes = {
					042211252B38CB89001CED09 = {
						CreatedOnToolsVersion = 11.3.1;
					};
				};
			};
			buildConfigurationList = 042211212B38CB89001CED09 /* Build configuration list for PBXProject "Rhoda Ledger" */;
			compatibilityVersion = "Xcode 9.3";
			developmentRegion = en;
			hasScannedForEncodings = 0;
			knownRegions = (
				en,
				Base,
			);
			mainGroup = 0422111D2B38CB89001CED09;
			productRefGroup = 042211272B38CB89001CED09 /* Products */;
			projectDirPath = "";
			projectRoot = "";
			targets = (
				042211252B38CB89001CED09 /* Rhoda Ledger */,
			);
		};
/* End PBXProject section */

/* Begin PBXResourcesBuildPhase section */
		042211242B38CB89001CED09 /* Resources */ = {
			isa = PBXResourcesBuildPhase;
			buildActionMask = 2147483647;
			files = (
				042211362B38CB8A001CED09 /* LaunchScreen.storyboard in Resources */,
				042211332B38CB8A001CED09 /* Assets.xcassets in Resources */,
				042211312B38CB89001CED09 /* Main.storyboard in Resources */,
			);
			runOnlyForDeploymentPostprocessing = 0;
		};
/* End PBXResourcesBuildPhase section */

/* Begin PBXSourcesBuildPhase section */
		042211222B38CB89001CED09 /* Sources */ = {
			isa = PBXSourcesBuildPhase;
			buildActionMask = 2147483647;
			files = (
				0422112E2B38CB89001CED09 /* ViewController.swift in Sources */,
				0422113E2B38D02E001CED09 /* Custom TextField.swift in Sources */,
				0422112A2B38CB89001CED09 /* AppDelegate.swift in Sources */,
				0422112C2B38CB89001CED09 /* SceneDelegate.swift in Sources */,
				042211402B38D4FC001CED09 /* SignUpButton.swift in Sources */,
			);
			runOnlyForDeploymentPostprocessing = 0;
		};
/* End PBXSourcesBuildPhase section */

/* Begin PBXVariantGroup section */
		0422112F2B38CB89001CED09 /* Main.storyboard */ = {
			isa = PBXVariantGroup;
			children = (
				042211302B38CB89001CED09 /* Base */,
			);
			name = Main.storyboard;
			sourceTree = "<group>";
		};
		042211342B38CB8A001CED09 /* LaunchScreen.storyboard */ = {
			isa = PBXVariantGroup;
			children = (
				042211352B38CB8A001CED09 /* Base */,
			);
			name = LaunchScreen.storyboard;
			sourceTree = "<group>";
		};
/* End PBXVariantGroup section */

/* Begin XCBuildConfiguration section */
		042211382B38CB8A001CED09 /* Debug */ = {
			isa = XCBuildConfiguration;
			buildSettings = {
				ALWAYS_SEARCH_USER_PATHS = NO;
				CLANG_ANALYZER_NONNULL = YES;
				CLANG_ANALYZER_NUMBER_OBJECT_CONVERSION = YES_AGGRESSIVE;
				CLANG_CXX_LANGUAGE_STANDARD = "gnu++14";
				CLANG_CXX_LIBRARY = "libc++";
				CLANG_ENABLE_MODULES = YES;
				CLANG_ENABLE_OBJC_ARC = YES;
				CLANG_ENABLE_OBJC_WEAK = YES;
				CLANG_WARN_BLOCK_CAPTURE_AUTORELEASING = YES;
				CLANG_WARN_BOOL_CONVERSION = YES;
				CLANG_WARN_COMMA = YES;
				CLANG_WARN_CONSTANT_CONVERSION = YES;
				CLANG_WARN_DEPRECATED_OBJC_IMPLEMENTATIONS = YES;
				CLANG_WARN_DIRECT_OBJC_ISA_USAGE = YES_ERROR;
				CLANG_WARN_DOCUMENTATION_COMMENTS = YES;
				CLANG_WARN_EMPTY_BODY = YES;
				CLANG_WARN_ENUM_CONVERSION = YES;
				CLANG_WARN_INFINITE_RECURSION = YES;
				CLANG_WARN_INT_CONVERSION = YES;
				CLANG_WARN_NON_LITERAL_NULL_CONVERSION = YES;
				CLANG_WARN_OBJC_IMPLICIT_RETAIN_SELF = YES;
				CLANG_WARN_OBJC_LITERAL_CONVERSION = YES;
				CLANG_WARN_OBJC_ROOT_CLASS = YES_ERROR;
				CLANG_WARN_RANGE_LOOP_ANALYSIS = YES;
				CLANG_WARN_STRICT_PROTOTYPES = YES;
				CLANG_WARN_SUSPICIOUS_MOVE = YES;
				CLANG_WARN_UNGUARDED_AVAILABILITY = YES_AGGRESSIVE;
				CLANG_WARN_UNREACHABLE_CODE = YES;
				CLANG_WARN__DUPLICATE_METHOD_MATCH = YES;
				COPY_PHASE_STRIP = NO;
				DEBUG_INFORMATION_FORMAT = dwarf;
				ENABLE_STRICT_OBJC_MSGSEND = YES;
				ENABLE_TESTABILITY = YES;
				GCC_C_LANGUAGE_STANDARD = gnu11;
				GCC_DYNAMIC_NO_PIC = NO;
				GCC_NO_COMMON_BLOCKS = YES;
				GCC_OPTIMIZATION_LEVEL = 0;
				GCC_PREPROCESSOR_DEFINITIONS = (
					"DEBUG=1",
					"$(inherited)",
				);
				GCC_WARN_64_TO_32_BIT_CONVERSION = YES;
				GCC_WARN_ABOUT_RETURN_TYPE = YES_ERROR;
				GCC_WARN_UNDECLARED_SELECTOR = YES;
				GCC_WARN_UNINITIALIZED_AUTOS = YES_AGGRESSIVE;
				GCC_WARN_UNUSED_FUNCTION = YES;
				GCC_WARN_UNUSED_VARIABLE = YES;
				IPHONEOS_DEPLOYMENT_TARGET = 13.2;
				MTL_ENABLE_DEBUG_INFO = INCLUDE_SOURCE;
				MTL_FAST_MATH = YES;
				ONLY_ACTIVE_ARCH = YES;
				SDKROOT = iphoneos;
				SWIFT_ACTIVE_COMPILATION_CONDITIONS = DEBUG;
				SWIFT_OPTIMIZATION_LEVEL = "-Onone";
			};
			name = Debug;
		};
		042211392B38CB8A001CED09 /* Release */ = {
			isa = XCBuildConfiguration;
			buildSettings = {
				ALWAYS_SEARCH_USER_PATHS = NO;
				CLANG_ANALYZER_NONNULL = YES;
				CLANG_ANALYZER_NUMBER_OBJECT_CONVERSION = YES_AGGRESSIVE;
				CLANG_CXX_LANGUAGE_STANDARD = "gnu++14";
				CLANG_CXX_LIBRARY = "libc++";
				CLANG_ENABLE_MODULES = YES;
				CLANG_ENABLE_OBJC_ARC = YES;
				CLANG_ENABLE_OBJC_WEAK = YES;
				CLANG_WARN_BLOCK_CAPTURE_AUTORELEASING = YES;
				CLANG_WARN_BOOL_CONVERSION = YES;
				CLANG_WARN_COMMA = YES;
				CLANG_WARN_CONSTANT_CONVERSION = YES;
				CLANG_WARN_DEPRECATED_OBJC_IMPLEMENTATIONS = YES;
				CLANG_WARN_DIRECT_OBJC_ISA_USAGE = YES_ERROR;
				CLANG_WARN_DOCUMENTATION_COMMENTS = YES;
				CLANG_WARN_EMPTY_BODY = YES;
				CLANG_WARN_ENUM_CONVERSION = YES;
				CLANG_WARN_INFINITE_RECURSION = YES;
				CLANG_WARN_INT_CONVERSION = YES;
				CLANG_WARN_NON_LITERAL_NULL_CONVERSION = YES;
				CLANG_WARN_OBJC_IMPLICIT_RETAIN_SELF = YES;
				CLANG_WARN_OBJC_LITERAL_CONVERSION = YES;
				CLANG_WARN_OBJC_ROOT_CLASS = YES_ERROR;
				CLANG_WARN_RANGE_LOOP_ANALYSIS = YES;
				CLANG_WARN_STRICT_PROTOTYPES = YES;
				CLANG_WARN_SUSPICIOUS_MOVE = YES;
				CLANG_WARN_UNGUARDED_AVAILABILITY = YES_AGGRESSIVE;
				CLANG_WARN_UNREACHABLE_CODE = YES;
				CLANG_WARN__DUPLICATE_METHOD_MATCH = YES;
				COPY_PHASE_STRIP = NO;
				DEBUG_INFORMATION_FORMAT = "dwarf-with-dsym";
				ENABLE_NS_ASSERTIONS = NO;
				ENABLE_STRICT_OBJC_MSGSEND = YES;
				GCC_C_LANGUAGE_STANDARD = gnu11;
				GCC_NO_COMMON_BLOCKS = YES;
				GCC_WARN_64_TO_32_BIT_CONVERSION = YES;
				GCC_WARN_ABOUT_RETURN_TYPE = YES_ERROR;
				GCC_WARN_UNDECLARED_SELECTOR = YES;
				GCC_WARN_UNINITIALIZED_AUTOS = YES_AGGRESSIVE;
				GCC_WARN_UNUSED_FUNCTION = YES;
				GCC_WARN_UNUSED_VARIABLE = YES;
				IPHONEOS_DEPLOYMENT_TARGET = 13.2;
				MTL_ENABLE_DEBUG_INFO = NO;
				MTL_FAST_MATH = YES;
				SDKROOT = iphoneos;
				SWIFT_COMPILATION_MODE = wholemodule;
				SWIFT_OPTIMIZATION_LEVEL = "-O";
				VALIDATE_PRODUCT = YES;
			};
			name = Release;
		};
		0422113B2B38CB8A001CED09 /* Debug */ = {
			isa = XCBuildConfiguration;
			buildSettings = {
				ASSETCATALOG_COMPILER_APPICON_NAME = AppIcon;
				CODE_SIGN_STYLE = Automatic;
				INFOPLIST_FILE = "Rhoda Ledger/Info.plist";
				LD_RUNPATH_SEARCH_PATHS = (
					"$(inherited)",
					"@executable_path/Frameworks",
				);
				PRODUCT_BUNDLE_IDENTIFIER = "com.codewithKris.Rhoda-Ledger";
				PRODUCT_NAME = "$(TARGET_NAME)";
				SWIFT_VERSION = 5.0;
				TARGETED_DEVICE_FAMILY = "1,2";
			};
			name = Debug;
		};
		0422113C2B38CB8A001CED09 /* Release */ = {
			isa = XCBuildConfiguration;
			buildSettings = {
				ASSETCATALOG_COMPILER_APPICON_NAME = AppIcon;
				CODE_SIGN_STYLE = Automatic;
				INFOPLIST_FILE = "Rhoda Ledger/Info.plist";
				LD_RUNPATH_SEARCH_PATHS = (
					"$(inherited)",
					"@executable_path/Frameworks",
				);
				PRODUCT_BUNDLE_IDENTIFIER = "com.codewithKris.Rhoda-Ledger";
				PRODUCT_NAME = "$(TARGET_NAME)";
				SWIFT_VERSION = 5.0;
				TARGETED_DEVICE_FAMILY = "1,2";
			};
			name = Release;
		};
/* End XCBuildConfiguration section */

/* Begin XCConfigurationList section */
		042211212B38CB89001CED09 /* Build configuration list for PBXProject "Rhoda Ledger" */ = {
			isa = XCConfigurationList;
			buildConfigurations = (
				042211382B38CB8A001CED09 /* Debug */,
				042211392B38CB8A001CED09 /* Release */,
			);
			defaultConfigurationIsVisible = 0;
			defaultConfigurationName = Release;
		};
		0422113A2B38CB8A001CED09 /* Build configuration list for PBXNativeTarget "Rhoda Ledger" */ = {
			isa = XCConfigurationList;
			buildConfigurations = (
				0422113B2B38CB8A001CED09 /* Debug */,
				0422113C2B38CB8A001CED09 /* Release */,
			);
			defaultConfigurationIsVisible = 0;
			defaultConfigurationName = Release;
		};
/* End XCConfigurationList section */
	};
	rootObject = 0422111E2B38CB89001CED09 /* Project object */;
}
